// !$*UTF8*$!
{
	archiveVersion = 1;
	classes = {
	};
	objectVersion = 55;
	objects = {

/* Begin PBXBuildFile section */
		589E8C0128B84E7300880754 /* AppDelegate.swift in Sources */ = {isa = PBXBuildFile; fileRef = 589E8C0028B84E7300880754 /* AppDelegate.swift */; };
		589E8C0328B84E7300880754 /* SceneDelegate.swift in Sources */ = {isa = PBXBuildFile; fileRef = 589E8C0228B84E7300880754 /* SceneDelegate.swift */; };
		589E8C0528B84E7300880754 /* ViewController.swift in Sources */ = {isa = PBXBuildFile; fileRef = 589E8C0428B84E7300880754 /* ViewController.swift */; };
		589E8C0828B84E7300880754 /* Main.storyboard in Resources */ = {isa = PBXBuildFile; fileRef = 589E8C0628B84E7300880754 /* Main.storyboard */; };
		589E8C0B28B84E7300880754 /* githubstartssh0901.xcdatamodeld in Sources */ = {isa = PBXBuildFile; fileRef = 589E8C0928B84E7300880754 /* githubstartssh0901.xcdatamodeld */; };
		589E8C0D28B84E7A00880754 /* Assets.xcassets in Resources */ = {isa = PBXBuildFile; fileRef = 589E8C0C28B84E7A00880754 /* Assets.xcassets */; };
		589E8C1028B84E7A00880754 /* LaunchScreen.storyboard in Resources */ = {isa = PBXBuildFile; fileRef = 589E8C0E28B84E7A00880754 /* LaunchScreen.storyboard */; };
		589E8C1B28B84E7B00880754 /* githubstartssh0901Tests.swift in Sources */ = {isa = PBXBuildFile; fileRef = 589E8C1A28B84E7B00880754 /* githubstartssh0901Tests.swift */; };
		589E8C2528B84E7B00880754 /* githubstartssh0901UITests.swift in Sources */ = {isa = PBXBuildFile; fileRef = 589E8C2428B84E7B00880754 /* githubstartssh0901UITests.swift */; };
		589E8C2728B84E7B00880754 /* githubstartssh0901UITestsLaunchTests.swift in Sources */ = {isa = PBXBuildFile; fileRef = 589E8C2628B84E7B00880754 /* githubstartssh0901UITestsLaunchTests.swift */; };
/* End PBXBuildFile section */

/* Begin PBXContainerItemProxy section */
		589E8C1728B84E7B00880754 /* PBXContainerItemProxy */ = {
			isa = PBXContainerItemProxy;
			containerPortal = 589E8BF528B84E7300880754 /* Project object */;
			proxyType = 1;
			remoteGlobalIDString = 589E8BFC28B84E7300880754;
			remoteInfo = githubstartssh0901;
		};
		589E8C2128B84E7B00880754 /* PBXContainerItemProxy */ = {
			isa = PBXContainerItemProxy;
			containerPortal = 589E8BF528B84E7300880754 /* Project object */;
			proxyType = 1;
			remoteGlobalIDString = 589E8BFC28B84E7300880754;
			remoteInfo = githubstartssh0901;
		};
/* End PBXContainerItemProxy section */

/* Begin PBXFileReference section */
		589E8BFD28B84E7300880754 /* githubstartssh0901.app */ = {isa = PBXFileReference; explicitFileType = wrapper.application; includeInIndex = 0; path = githubstartssh0901.app; sourceTree = BUILT_PRODUCTS_DIR; };
		589E8C0028B84E7300880754 /* AppDelegate.swift */ = {isa = PBXFileReference; lastKnownFileType = sourcecode.swift; path = AppDelegate.swift; sourceTree = "<group>"; };
		589E8C0228B84E7300880754 /* SceneDelegate.swift */ = {isa = PBXFileReference; lastKnownFileType = sourcecode.swift; path = SceneDelegate.swift; sourceTree = "<group>"; };
		589E8C0428B84E7300880754 /* ViewController.swift */ = {isa = PBXFileReference; lastKnownFileType = sourcecode.swift; path = ViewController.swift; sourceTree = "<group>"; };
		589E8C0728B84E7300880754 /* Base */ = {isa = PBXFileReference; lastKnownFileType = file.storyboard; name = Base; path = Base.lproj/Main.storyboard; sourceTree = "<group>"; };
		589E8C0A28B84E7300880754 /* githubstartssh0901.xcdatamodel */ = {isa = PBXFileReference; lastKnownFileType = wrapper.xcdatamodel; path = githubstartssh0901.xcdatamodel; sourceTree = "<group>"; };
		589E8C0C28B84E7A00880754 /* Assets.xcassets */ = {isa = PBXFileReference; lastKnownFileType = folder.assetcatalog; path = Assets.xcassets; sourceTree = "<group>"; };
		589E8C0F28B84E7A00880754 /* Base */ = {isa = PBXFileReference; lastKnownFileType = file.storyboard; name = Base; path = Base.lproj/LaunchScreen.storyboard; sourceTree = "<group>"; };
		589E8C1128B84E7A00880754 /* Info.plist */ = {isa = PBXFileReference; lastKnownFileType = text.plist.xml; path = Info.plist; sourceTree = "<group>"; };
		589E8C1628B84E7B00880754 /* githubstartssh0901Tests.xctest */ = {isa = PBXFileReference; explicitFileType = wrapper.cfbundle; includeInIndex = 0; path = githubstartssh0901Tests.xctest; sourceTree = BUILT_PRODUCTS_DIR; };
		589E8C1A28B84E7B00880754 /* githubstartssh0901Tests.swift */ = {isa = PBXFileReference; lastKnownFileType = sourcecode.swift; path = githubstartssh0901Tests.swift; sourceTree = "<group>"; };
		589E8C2028B84E7B00880754 /* githubstartssh0901UITests.xctest */ = {isa = PBXFileReference; explicitFileType = wrapper.cfbundle; includeInIndex = 0; path = githubstartssh0901UITests.xctest; sourceTree = BUILT_PRODUCTS_DIR; };
		589E8C2428B84E7B00880754 /* githubstartssh0901UITests.swift */ = {isa = PBXFileReference; lastKnownFileType = sourcecode.swift; path = githubstartssh0901UITests.swift; sourceTree = "<group>"; };
		589E8C2628B84E7B00880754 /* githubstartssh0901UITestsLaunchTests.swift */ = {isa = PBXFileReference; lastKnownFileType = sourcecode.swift; path = githubstartssh0901UITestsLaunchTests.swift; sourceTree = "<group>"; };
/* End PBXFileReference section */

/* Begin PBXFrameworksBuildPhase section */
		589E8BFA28B84E7300880754 /* Frameworks */ = {
			isa = PBXFrameworksBuildPhase;
			buildActionMask = 2147483647;
			files = (
			);
			runOnlyForDeploymentPostprocessing = 0;
		};
		589E8C1328B84E7B00880754 /* Frameworks */ = {
			isa = PBXFrameworksBuildPhase;
			buildActionMask = 2147483647;
			files = (
			);
			runOnlyForDeploymentPostprocessing = 0;
		};
		589E8C1D28B84E7B00880754 /* Frameworks */ = {
			isa = PBXFrameworksBuildPhase;
			buildActionMask = 2147483647;
			files = (
			);
			runOnlyForDeploymentPostprocessing = 0;
		};
/* End PBXFrameworksBuildPhase section */

/* Begin PBXGroup section */
		589E8BF428B84E7300880754 = {
			isa = PBXGroup;
			children = (
				589E8BFF28B84E7300880754 /* githubstartssh0901 */,
				589E8C1928B84E7B00880754 /* githubstartssh0901Tests */,
				589E8C2328B84E7B00880754 /* githubstartssh0901UITests */,
				589E8BFE28B84E7300880754 /* Products */,
			);
			sourceTree = "<group>";
		};
		589E8BFE28B84E7300880754 /* Products */ = {
			isa = PBXGroup;
			children = (
				589E8BFD28B84E7300880754 /* githubstartssh0901.app */,
				589E8C1628B84E7B00880754 /* githubstartssh0901Tests.xctest */,
				589E8C2028B84E7B00880754 /* githubstartssh0901UITests.xctest */,
			);
			name = Products;
			sourceTree = "<group>";
		};
		589E8BFF28B84E7300880754 /* githubstartssh0901 */ = {
			isa = PBXGroup;
			children = (
				589E8C0028B84E7300880754 /* AppDelegate.swift */,
				589E8C0228B84E7300880754 /* SceneDelegate.swift */,
				589E8C0428B84E7300880754 /* ViewController.swift */,
				589E8C0628B84E7300880754 /* Main.storyboard */,
				589E8C0C28B84E7A00880754 /* Assets.xcassets */,
				589E8C0E28B84E7A00880754 /* LaunchScreen.storyboard */,
				589E8C1128B84E7A00880754 /* Info.plist */,
				589E8C0928B84E7300880754 /* githubstartssh0901.xcdatamodeld */,
			);
			path = githubstartssh0901;
			sourceTree = "<group>";
		};
		589E8C1928B84E7B00880754 /* githubstartssh0901Tests */ = {
			isa = PBXGroup;
			children = (
				589E8C1A28B84E7B00880754 /* githubstartssh0901Tests.swift */,
			);
			path = githubstartssh0901Tests;
			sourceTree = "<group>";
		};
		589E8C2328B84E7B00880754 /* githubstartssh0901UITests */ = {
			isa = PBXGroup;
			children = (
				589E8C2428B84E7B00880754 /* githubstartssh0901UITests.swift */,
				589E8C2628B84E7B00880754 /* githubstartssh0901UITestsLaunchTests.swift */,
			);
			path = githubstartssh0901UITests;
			sourceTree = "<group>";
		};
/* End PBXGroup section */

/* Begin PBXNativeTarget section */
		589E8BFC28B84E7300880754 /* githubstartssh0901 */ = {
			isa = PBXNativeTarget;
			buildConfigurationList = 589E8C2A28B84E7B00880754 /* Build configuration list for PBXNativeTarget "githubstartssh0901" */;
			buildPhases = (
				589E8BF928B84E7300880754 /* Sources */,
				589E8BFA28B84E7300880754 /* Frameworks */,
				589E8BFB28B84E7300880754 /* Resources */,
			);
			buildRules = (
			);
			dependencies = (
			);
			name = githubstartssh0901;
			productName = githubstartssh0901;
			productReference = 589E8BFD28B84E7300880754 /* githubstartssh0901.app */;
			productType = "com.apple.product-type.application";
		};
		589E8C1528B84E7B00880754 /* githubstartssh0901Tests */ = {
			isa = PBXNativeTarget;
			buildConfigurationList = 589E8C2D28B84E7B00880754 /* Build configuration list for PBXNativeTarget "githubstartssh0901Tests" */;
			buildPhases = (
				589E8C1228B84E7B00880754 /* Sources */,
				589E8C1328B84E7B00880754 /* Frameworks */,
				589E8C1428B84E7B00880754 /* Resources */,
			);
			buildRules = (
			);
			dependencies = (
				589E8C1828B84E7B00880754 /* PBXTargetDependency */,
			);
			name = githubstartssh0901Tests;
			productName = githubstartssh0901Tests;
			productReference = 589E8C1628B84E7B00880754 /* githubstartssh0901Tests.xctest */;
			productType = "com.apple.product-type.bundle.unit-test";
		};
		589E8C1F28B84E7B00880754 /* githubstartssh0901UITests */ = {
			isa = PBXNativeTarget;
			buildConfigurationList = 589E8C3028B84E7B00880754 /* Build configuration list for PBXNativeTarget "githubstartssh0901UITests" */;
			buildPhases = (
				589E8C1C28B84E7B00880754 /* Sources */,
				589E8C1D28B84E7B00880754 /* Frameworks */,
				589E8C1E28B84E7B00880754 /* Resources */,
			);
			buildRules = (
			);
			dependencies = (
				589E8C2228B84E7B00880754 /* PBXTargetDependency */,
			);
			name = githubstartssh0901UITests;
			productName = githubstartssh0901UITests;
			productReference = 589E8C2028B84E7B00880754 /* githubstartssh0901UITests.xctest */;
			productType = "com.apple.product-type.bundle.ui-testing";
		};
/* End PBXNativeTarget section */

/* Begin PBXProject section */
		589E8BF528B84E7300880754 /* Project object */ = {
			isa = PBXProject;
			attributes = {
				BuildIndependentTargetsInParallel = 1;
				LastSwiftUpdateCheck = 1340;
				LastUpgradeCheck = 1340;
				TargetAttributes = {
					589E8BFC28B84E7300880754 = {
						CreatedOnToolsVersion = 13.4.1;
					};
					589E8C1528B84E7B00880754 = {
						CreatedOnToolsVersion = 13.4.1;
						TestTargetID = 589E8BFC28B84E7300880754;
					};
					589E8C1F28B84E7B00880754 = {
						CreatedOnToolsVersion = 13.4.1;
						TestTargetID = 589E8BFC28B84E7300880754;
					};
				};
			};
			buildConfigurationList = 589E8BF828B84E7300880754 /* Build configuration list for PBXProject "githubstartssh0901" */;
			compatibilityVersion = "Xcode 13.0";
			developmentRegion = en;
			hasScannedForEncodings = 0;
			knownRegions = (
				en,
				Base,
			);
			mainGroup = 589E8BF428B84E7300880754;
			productRefGroup = 589E8BFE28B84E7300880754 /* Products */;
			projectDirPath = "";
			projectRoot = "";
			targets = (
				589E8BFC28B84E7300880754 /* githubstartssh0901 */,
				589E8C1528B84E7B00880754 /* githubstartssh0901Tests */,
				589E8C1F28B84E7B00880754 /* githubstartssh0901UITests */,
			);
		};
/* End PBXProject section */

/* Begin PBXResourcesBuildPhase section */
		589E8BFB28B84E7300880754 /* Resources */ = {
			isa = PBXResourcesBuildPhase;
			buildActionMask = 2147483647;
			files = (
				589E8C1028B84E7A00880754 /* LaunchScreen.storyboard in Resources */,
				589E8C0D28B84E7A00880754 /* Assets.xcassets in Resources */,
				589E8C0828B84E7300880754 /* Main.storyboard in Resources */,
			);
			runOnlyForDeploymentPostprocessing = 0;
		};
		589E8C1428B84E7B00880754 /* Resources */ = {
			isa = PBXResourcesBuildPhase;
			buildActionMask = 2147483647;
			files = (
			);
			runOnlyForDeploymentPostprocessing = 0;
		};
		589E8C1E28B84E7B00880754 /* Resources */ = {
			isa = PBXResourcesBuildPhase;
			buildActionMask = 2147483647;
			files = (
			);
			runOnlyForDeploymentPostprocessing = 0;
		};
/* End PBXResourcesBuildPhase section */

/* Begin PBXSourcesBuildPhase section */
		589E8BF928B84E7300880754 /* Sources */ = {
			isa = PBXSourcesBuildPhase;
			buildActionMask = 2147483647;
			files = (
				589E8C0B28B84E7300880754 /* githubstartssh0901.xcdatamodeld in Sources */,
				589E8C0528B84E7300880754 /* ViewController.swift in Sources */,
				589E8C0128B84E7300880754 /* AppDelegate.swift in Sources */,
				589E8C0328B84E7300880754 /* SceneDelegate.swift in Sources */,
			);
			runOnlyForDeploymentPostprocessing = 0;
		};
		589E8C1228B84E7B00880754 /* Sources */ = {
			isa = PBXSourcesBuildPhase;
			buildActionMask = 2147483647;
			files = (
				589E8C1B28B84E7B00880754 /* githubstartssh0901Tests.swift in Sources */,
			);
			runOnlyForDeploymentPostprocessing = 0;
		};
		589E8C1C28B84E7B00880754 /* Sources */ = {
			isa = PBXSourcesBuildPhase;
			buildActionMask = 2147483647;
			files = (
				589E8C2528B84E7B00880754 /* githubstartssh0901UITests.swift in Sources */,
				589E8C2728B84E7B00880754 /* githubstartssh0901UITestsLaunchTests.swift in Sources */,
			);
			runOnlyForDeploymentPostprocessing = 0;
		};
/* End PBXSourcesBuildPhase section */

/* Begin PBXTargetDependency section */
		589E8C1828B84E7B00880754 /* PBXTargetDependency */ = {
			isa = PBXTargetDependency;
			target = 589E8BFC28B84E7300880754 /* githubstartssh0901 */;
			targetProxy = 589E8C1728B84E7B00880754 /* PBXContainerItemProxy */;
		};
		589E8C2228B84E7B00880754 /* PBXTargetDependency */ = {
			isa = PBXTargetDependency;
			target = 589E8BFC28B84E7300880754 /* githubstartssh0901 */;
			targetProxy = 589E8C2128B84E7B00880754 /* PBXContainerItemProxy */;
		};
/* End PBXTargetDependency section */

/* Begin PBXVariantGroup section */
		589E8C0628B84E7300880754 /* Main.storyboard */ = {
			isa = PBXVariantGroup;
			children = (
				589E8C0728B84E7300880754 /* Base */,
			);
			name = Main.storyboard;
			sourceTree = "<group>";
		};
		589E8C0E28B84E7A00880754 /* LaunchScreen.storyboard */ = {
			isa = PBXVariantGroup;
			children = (
				589E8C0F28B84E7A00880754 /* Base */,
			);
			name = LaunchScreen.storyboard;
			sourceTree = "<group>";
		};
/* End PBXVariantGroup section */

/* Begin XCBuildConfiguration section */
		589E8C2828B84E7B00880754 /* Debug */ = {
			isa = XCBuildConfiguration;
			buildSettings = {
				ALWAYS_SEARCH_USER_PATHS = NO;
				CLANG_ANALYZER_NONNULL = YES;
				CLANG_ANALYZER_NUMBER_OBJECT_CONVERSION = YES_AGGRESSIVE;
				CLANG_CXX_LANGUAGE_STANDARD = "gnu++17";
				CLANG_ENABLE_MODULES = YES;
				CLANG_ENABLE_OBJC_ARC = YES;
				CLANG_ENABLE_OBJC_WEAK = YES;
				CLANG_WARN_BLOCK_CAPTURE_AUTORELEASING = YES;
				CLANG_WARN_BOOL_CONVERSION = YES;
				CLANG_WARN_COMMA = YES;
				CLANG_WARN_CONSTANT_CONVERSION = YES;
				CLANG_WARN_DEPRECATED_OBJC_IMPLEMENTATIONS = YES;
				CLANG_WARN_DIRECT_OBJC_ISA_USAGE = YES_ERROR;
				CLANG_WARN_DOCUMENTATION_COMMENTS = YES;
				CLANG_WARN_EMPTY_BODY = YES;
				CLANG_WARN_ENUM_CONVERSION = YES;
				CLANG_WARN_INFINITE_RECURSION = YES;
				CLANG_WARN_INT_CONVERSION = YES;
				CLANG_WARN_NON_LITERAL_NULL_CONVERSION = YES;
				CLANG_WARN_OBJC_IMPLICIT_RETAIN_SELF = YES;
				CLANG_WARN_OBJC_LITERAL_CONVERSION = YES;
				CLANG_WARN_OBJC_ROOT_CLASS = YES_ERROR;
				CLANG_WARN_QUOTED_INCLUDE_IN_FRAMEWORK_HEADER = YES;
				CLANG_WARN_RANGE_LOOP_ANALYSIS = YES;
				CLANG_WARN_STRICT_PROTOTYPES = YES;
				CLANG_WARN_SUSPICIOUS_MOVE = YES;
				CLANG_WARN_UNGUARDED_AVAILABILITY = YES_AGGRESSIVE;
				CLANG_WARN_UNREACHABLE_CODE = YES;
				CLANG_WARN__DUPLICATE_METHOD_MATCH = YES;
				COPY_PHASE_STRIP = NO;
				DEBUG_INFORMATION_FORMAT = dwarf;
				ENABLE_STRICT_OBJC_MSGSEND = YES;
				ENABLE_TESTABILITY = YES;
				GCC_C_LANGUAGE_STANDARD = gnu11;
				GCC_DYNAMIC_NO_PIC = NO;
				GCC_NO_COMMON_BLOCKS = YES;
				GCC_OPTIMIZATION_LEVEL = 0;
				GCC_PREPROCESSOR_DEFINITIONS = (
					"DEBUG=1",
					"$(inherited)",
				);
				GCC_WARN_64_TO_32_BIT_CONVERSION = YES;
				GCC_WARN_ABOUT_RETURN_TYPE = YES_ERROR;
				GCC_WARN_UNDECLARED_SELECTOR = YES;
				GCC_WARN_UNINITIALIZED_AUTOS = YES_AGGRESSIVE;
				GCC_WARN_UNUSED_FUNCTION = YES;
				GCC_WARN_UNUSED_VARIABLE = YES;
				IPHONEOS_DEPLOYMENT_TARGET = 15.5;
				MTL_ENABLE_DEBUG_INFO = INCLUDE_SOURCE;
				MTL_FAST_MATH = YES;
				ONLY_ACTIVE_ARCH = YES;
				SDKROOT = iphoneos;
				SWIFT_ACTIVE_COMPILATION_CONDITIONS = DEBUG;
				SWIFT_OPTIMIZATION_LEVEL = "-Onone";
			};
			name = Debug;
		};
		589E8C2928B84E7B00880754 /* Release */ = {
			isa = XCBuildConfiguration;
			buildSettings = {
				ALWAYS_SEARCH_USER_PATHS = NO;
				CLANG_ANALYZER_NONNULL = YES;
				CLANG_ANALYZER_NUMBER_OBJECT_CONVERSION = YES_AGGRESSIVE;
				CLANG_CXX_LANGUAGE_STANDARD = "gnu++17";
				CLANG_ENABLE_MODULES = YES;
				CLANG_ENABLE_OBJC_ARC = YES;
				CLANG_ENABLE_OBJC_WEAK = YES;
				CLANG_WARN_BLOCK_CAPTURE_AUTORELEASING = YES;
				CLANG_WARN_BOOL_CONVERSION = YES;
				CLANG_WARN_COMMA = YES;
				CLANG_WARN_CONSTANT_CONVERSION = YES;
				CLANG_WARN_DEPRECATED_OBJC_IMPLEMENTATIONS = YES;
				CLANG_WARN_DIRECT_OBJC_ISA_USAGE = YES_ERROR;
				CLANG_WARN_DOCUMENTATION_COMMENTS = YES;
				CLANG_WARN_EMPTY_BODY = YES;
				CLANG_WARN_ENUM_CONVERSION = YES;
				CLANG_WARN_INFINITE_RECURSION = YES;
				CLANG_WARN_INT_CONVERSION = YES;
				CLANG_WARN_NON_LITERAL_NULL_CONVERSION = YES;
				CLANG_WARN_OBJC_IMPLICIT_RETAIN_SELF = YES;
				CLANG_WARN_OBJC_LITERAL_CONVERSION = YES;
				CLANG_WARN_OBJC_ROOT_CLASS = YES_ERROR;
				CLANG_WARN_QUOTED_INCLUDE_IN_FRAMEWORK_HEADER = YES;
				CLANG_WARN_RANGE_LOOP_ANALYSIS = YES;
				CLANG_WARN_STRICT_PROTOTYPES = YES;
				CLANG_WARN_SUSPICIOUS_MOVE = YES;
				CLANG_WARN_UNGUARDED_AVAILABILITY = YES_AGGRESSIVE;
				CLANG_WARN_UNREACHABLE_CODE = YES;
				CLANG_WARN__DUPLICATE_METHOD_MATCH = YES;
				COPY_PHASE_STRIP = NO;
				DEBUG_INFORMATION_FORMAT = "dwarf-with-dsym";
				ENABLE_NS_ASSERTIONS = NO;
				ENABLE_STRICT_OBJC_MSGSEND = YES;
				GCC_C_LANGUAGE_STANDARD = gnu11;
				GCC_NO_COMMON_BLOCKS = YES;
				GCC_WARN_64_TO_32_BIT_CONVERSION = YES;
				GCC_WARN_ABOUT_RETURN_TYPE = YES_ERROR;
				GCC_WARN_UNDECLARED_SELECTOR = YES;
				GCC_WARN_UNINITIALIZED_AUTOS = YES_AGGRESSIVE;
				GCC_WARN_UNUSED_FUNCTION = YES;
				GCC_WARN_UNUSED_VARIABLE = YES;
				IPHONEOS_DEPLOYMENT_TARGET = 15.5;
				MTL_ENABLE_DEBUG_INFO = NO;
				MTL_FAST_MATH = YES;
				SDKROOT = iphoneos;
				SWIFT_COMPILATION_MODE = wholemodule;
				SWIFT_OPTIMIZATION_LEVEL = "-O";
				VALIDATE_PRODUCT = YES;
			};
			name = Release;
		};
		589E8C2B28B84E7B00880754 /* Debug */ = {
			isa = XCBuildConfiguration;
			buildSettings = {
				ASSETCATALOG_COMPILER_APPICON_NAME = AppIcon;
				ASSETCATALOG_COMPILER_GLOBAL_ACCENT_COLOR_NAME = AccentColor;
				CODE_SIGN_STYLE = Automatic;
				CURRENT_PROJECT_VERSION = 1;
				DEVELOPMENT_TEAM = L7NDX4PP5L;
				GENERATE_INFOPLIST_FILE = YES;
				INFOPLIST_FILE = githubstartssh0901/Info.plist;
				INFOPLIST_KEY_UIApplicationSupportsIndirectInputEvents = YES;
				INFOPLIST_KEY_UILaunchStoryboardName = LaunchScreen;
				INFOPLIST_KEY_UIMainStoryboardFile = Main;
				INFOPLIST_KEY_UISupportedInterfaceOrientations_iPad = "UIInterfaceOrientationPortrait UIInterfaceOrientationPortraitUpsideDown UIInterfaceOrientationLandscapeLeft UIInterfaceOrientationLandscapeRight";
				INFOPLIST_KEY_UISupportedInterfaceOrientations_iPhone = "UIInterfaceOrientationPortrait UIInterfaceOrientationLandscapeLeft UIInterfaceOrientationLandscapeRight";
				LD_RUNPATH_SEARCH_PATHS = (
					"$(inherited)",
					"@executable_path/Frameworks",
				);
				MARKETING_VERSION = 1.0;
				PRODUCT_BUNDLE_IDENTIFIER = toshioKakinuma.githubstartssh0901;
				PRODUCT_NAME = "$(TARGET_NAME)";
				SWIFT_EMIT_LOC_STRINGS = YES;
				SWIFT_VERSION = 5.0;
				TARGETED_DEVICE_FAMILY = "1,2";
			};
			name = Debug;
		};
		589E8C2C28B84E7B00880754 /* Release */ = {
			isa = XCBuildConfiguration;
			buildSettings = {
				ASSETCATALOG_COMPILER_APPICON_NAME = AppIcon;
				ASSETCATALOG_COMPILER_GLOBAL_ACCENT_COLOR_NAME = AccentColor;
				CODE_SIGN_STYLE = Automatic;
				CURRENT_PROJECT_VERSION = 1;
				DEVELOPMENT_TEAM = L7NDX4PP5L;
				GENERATE_INFOPLIST_FILE = YES;
				INFOPLIST_FILE = githubstartssh0901/Info.plist;
				INFOPLIST_KEY_UIApplicationSupportsIndirectInputEvents = YES;
				INFOPLIST_KEY_UILaunchStoryboardName = LaunchScreen;
				INFOPLIST_KEY_UIMainStoryboardFile = Main;
				INFOPLIST_KEY_UISupportedInterfaceOrientations_iPad = "UIInterfaceOrientationPortrait UIInterfaceOrientationPortraitUpsideDown UIInterfaceOrientationLandscapeLeft UIInterfaceOrientationLandscapeRight";
				INFOPLIST_KEY_UISupportedInterfaceOrientations_iPhone = "UIInterfaceOrientationPortrait UIInterfaceOrientationLandscapeLeft UIInterfaceOrientationLandscapeRight";
				LD_RUNPATH_SEARCH_PATHS = (
					"$(inherited)",
					"@executable_path/Frameworks",
				);
				MARKETING_VERSION = 1.0;
				PRODUCT_BUNDLE_IDENTIFIER = toshioKakinuma.githubstartssh0901;
				PRODUCT_NAME = "$(TARGET_NAME)";
				SWIFT_EMIT_LOC_STRINGS = YES;
				SWIFT_VERSION = 5.0;
				TARGETED_DEVICE_FAMILY = "1,2";
			};
			name = Release;
		};
		589E8C2E28B84E7B00880754 /* Debug */ = {
			isa = XCBuildConfiguration;
			buildSettings = {
				ALWAYS_EMBED_SWIFT_STANDARD_LIBRARIES = YES;
				BUNDLE_LOADER = "$(TEST_HOST)";
				CODE_SIGN_STYLE = Automatic;
				CURRENT_PROJECT_VERSION = 1;
				DEVELOPMENT_TEAM = L7NDX4PP5L;
				GENERATE_INFOPLIST_FILE = YES;
				IPHONEOS_DEPLOYMENT_TARGET = 15.5;
				MARKETING_VERSION = 1.0;
				PRODUCT_BUNDLE_IDENTIFIER = toshioKakinuma.githubstartssh0901Tests;
				PRODUCT_NAME = "$(TARGET_NAME)";
				SWIFT_EMIT_LOC_STRINGS = NO;
				SWIFT_VERSION = 5.0;
				TARGETED_DEVICE_FAMILY = "1,2";
				TEST_HOST = "$(BUILT_PRODUCTS_DIR)/githubstartssh0901.app/githubstartssh0901";
			};
			name = Debug;
		};
		589E8C2F28B84E7B00880754 /* Release */ = {
			isa = XCBuildConfiguration;
			buildSettings = {
				ALWAYS_EMBED_SWIFT_STANDARD_LIBRARIES = YES;
				BUNDLE_LOADER = "$(TEST_HOST)";
				CODE_SIGN_STYLE = Automatic;
				CURRENT_PROJECT_VERSION = 1;
				DEVELOPMENT_TEAM = L7NDX4PP5L;
				GENERATE_INFOPLIST_FILE = YES;
				IPHONEOS_DEPLOYMENT_TARGET = 15.5;
				MARKETING_VERSION = 1.0;
				PRODUCT_BUNDLE_IDENTIFIER = toshioKakinuma.githubstartssh0901Tests;
				PRODUCT_NAME = "$(TARGET_NAME)";
				SWIFT_EMIT_LOC_STRINGS = NO;
				SWIFT_VERSION = 5.0;
				TARGETED_DEVICE_FAMILY = "1,2";
				TEST_HOST = "$(BUILT_PRODUCTS_DIR)/githubstartssh0901.app/githubstartssh0901";
			};
			name = Release;
		};
		589E8C3128B84E7B00880754 /* Debug */ = {
			isa = XCBuildConfiguration;
			buildSettings = {
				ALWAYS_EMBED_SWIFT_STANDARD_LIBRARIES = YES;
				CODE_SIGN_STYLE = Automatic;
				CURRENT_PROJECT_VERSION = 1;
				DEVELOPMENT_TEAM = L7NDX4PP5L;
				GENERATE_INFOPLIST_FILE = YES;
				MARKETING_VERSION = 1.0;
				PRODUCT_BUNDLE_IDENTIFIER = toshioKakinuma.githubstartssh0901UITests;
				PRODUCT_NAME = "$(TARGET_NAME)";
				SWIFT_EMIT_LOC_STRINGS = NO;
				SWIFT_VERSION = 5.0;
				TARGETED_DEVICE_FAMILY = "1,2";
				TEST_TARGET_NAME = githubstartssh0901;
			};
			name = Debug;
		};
		589E8C3228B84E7B00880754 /* Release */ = {
			isa = XCBuildConfiguration;
			buildSettings = {
				ALWAYS_EMBED_SWIFT_STANDARD_LIBRARIES = YES;
				CODE_SIGN_STYLE = Automatic;
				CURRENT_PROJECT_VERSION = 1;
				DEVELOPMENT_TEAM = L7NDX4PP5L;
				GENERATE_INFOPLIST_FILE = YES;
				MARKETING_VERSION = 1.0;
				PRODUCT_BUNDLE_IDENTIFIER = toshioKakinuma.githubstartssh0901UITests;
				PRODUCT_NAME = "$(TARGET_NAME)";
				SWIFT_EMIT_LOC_STRINGS = NO;
				SWIFT_VERSION = 5.0;
				TARGETED_DEVICE_FAMILY = "1,2";
				TEST_TARGET_NAME = githubstartssh0901;
			};
			name = Release;
		};
/* End XCBuildConfiguration section */

/* Begin XCConfigurationList section */
		589E8BF828B84E7300880754 /* Build configuration list for PBXProject "githubstartssh0901" */ = {
			isa = XCConfigurationList;
			buildConfigurations = (
				589E8C2828B84E7B00880754 /* Debug */,
				589E8C2928B84E7B00880754 /* Release */,
			);
			defaultConfigurationIsVisible = 0;
			defaultConfigurationName = Release;
		};
		589E8C2A28B84E7B00880754 /* Build configuration list for PBXNativeTarget "githubstartssh0901" */ = {
			isa = XCConfigurationList;
			buildConfigurations = (
				589E8C2B28B84E7B00880754 /* Debug */,
				589E8C2C28B84E7B00880754 /* Release */,
			);
			defaultConfigurationIsVisible = 0;
			defaultConfigurationName = Release;
		};
		589E8C2D28B84E7B00880754 /* Build configuration list for PBXNativeTarget "githubstartssh0901Tests" */ = {
			isa = XCConfigurationList;
			buildConfigurations = (
				589E8C2E28B84E7B00880754 /* Debug */,
				589E8C2F28B84E7B00880754 /* Release */,
			);
			defaultConfigurationIsVisible = 0;
			defaultConfigurationName = Release;
		};
		589E8C3028B84E7B00880754 /* Build configuration list for PBXNativeTarget "githubstartssh0901UITests" */ = {
			isa = XCConfigurationList;
			buildConfigurations = (
				589E8C3128B84E7B00880754 /* Debug */,
				589E8C3228B84E7B00880754 /* Release */,
			);
			defaultConfigurationIsVisible = 0;
			defaultConfigurationName = Release;
		};
/* End XCConfigurationList section */

/* Begin XCVersionGroup section */
		589E8C0928B84E7300880754 /* githubstartssh0901.xcdatamodeld */ = {
			isa = XCVersionGroup;
			children = (
				589E8C0A28B84E7300880754 /* githubstartssh0901.xcdatamodel */,
			);
			currentVersion = 589E8C0A28B84E7300880754 /* githubstartssh0901.xcdatamodel */;
			path = githubstartssh0901.xcdatamodeld;
			sourceTree = "<group>";
			versionGroupType = wrapper.xcdatamodel;
		};
/* End XCVersionGroup section */
	};
	rootObject = 589E8BF528B84E7300880754 /* Project object */;
}
